{
  "projects": [
    {
      "projectId": "wP9heSzxawTbjKEhrsKJZp",
      "version": "latest",
      "dependencies": {},
      "lang": "js",
      "fileLocks": [
        {
          "type": "globalVariant",
          "assetId": "JEnwFp4Ol5L9",
          "checksum": "debb1e1396d5a3317cf3c1a4ed2145d4"
        },
        {
          "type": "renderModule",
          "assetId": "Wm2BnPF0AwwC",
          "checksum": "302d991a94a4181127a85705eef96d97"
        },
        {
          "type": "cssRules",
          "assetId": "Wm2BnPF0AwwC",
          "checksum": "302d991a94a4181127a85705eef96d97"
        },
        {
          "type": "renderModule",
          "assetId": "zkyzGMiVRz",
          "checksum": "c96e5426cd025f11f7d0e07f04555736"
        },
        {
          "type": "cssRules",
          "assetId": "zkyzGMiVRz",
          "checksum": "c96e5426cd025f11f7d0e07f04555736"
        },
        {
          "type": "renderModule",
          "assetId": "fwJQcLvPXd",
          "checksum": "2692320ac1158e39b5b22244b803c057"
        },
        {
          "type": "cssRules",
          "assetId": "fwJQcLvPXd",
          "checksum": "2692320ac1158e39b5b22244b803c057"
        },
        {
          "type": "renderModule",
          "assetId": "w_nwgduMFS",
          "checksum": "dfe9e980ad2a8316890b17fe560cc2df"
        },
        {
          "type": "cssRules",
          "assetId": "w_nwgduMFS",
          "checksum": "dfe9e980ad2a8316890b17fe560cc2df"
        },
        {
          "assetId": "wP9heSzxawTbjKEhrsKJZp",
          "type": "projectCss",
          "checksum": "fa46b138c48ef070ca4d2929a712c68a"
        }
      ]
    }
  ],
  "cliVersion": "0.1.151"
}
