{
  "projects": [
    {
      "projectId": "wP9heSzxawTbjKEhrsKJZp",
      "version": "latest",
      "dependencies": {},
      "lang": "js",
      "fileLocks": [
        {
          "type": "globalVariant",
          "assetId": "JEnwFp4Ol5L9",
          "checksum": "debb1e1396d5a3317cf3c1a4ed2145d4"
        },
        {
          "type": "renderModule",
          "assetId": "Wm2BnPF0AwwC",
          "checksum": "7147ab4de22665d5367e7f2f6c600aab"
        },
        {
          "type": "cssRules",
          "assetId": "Wm2BnPF0AwwC",
          "checksum": "7147ab4de22665d5367e7f2f6c600aab"
        },
        {
          "type": "renderModule",
          "assetId": "zkyzGMiVRz",
          "checksum": "f640e13edcd3bb814c3c22cae5d252b6"
        },
        {
          "type": "cssRules",
          "assetId": "zkyzGMiVRz",
          "checksum": "f640e13edcd3bb814c3c22cae5d252b6"
        },
        {
          "type": "renderModule",
          "assetId": "GPYSU_3Kf2",
          "checksum": "11969727172caf2ad0a587f4ad7eb29e"
        },
        {
          "type": "cssRules",
          "assetId": "GPYSU_3Kf2",
          "checksum": "11969727172caf2ad0a587f4ad7eb29e"
        },
        {
          "type": "image",
          "assetId": "VexqZ5nxYV",
          "checksum": "538c4b62f199bdf67a8e3b4c036641fb"
        },
        {
          "type": "renderModule",
          "assetId": "yamXspCqk3",
          "checksum": "1df5b2f4d5523e3f8fed5ddcd864d726"
        },
        {
          "type": "cssRules",
          "assetId": "yamXspCqk3",
          "checksum": "1df5b2f4d5523e3f8fed5ddcd864d726"
        },
        {
          "assetId": "wP9heSzxawTbjKEhrsKJZp",
          "type": "projectCss",
          "checksum": "fe6fd1c2b7f9cafa49725bd5d1ffdece"
        },
        {
          "type": "renderModule",
          "assetId": "YIGp5dSat0",
          "checksum": "4596cb8cbda61cfb5fe7af115690e9a2"
        },
        {
          "type": "cssRules",
          "assetId": "YIGp5dSat0",
          "checksum": "4596cb8cbda61cfb5fe7af115690e9a2"
        }
      ]
    }
  ],
  "cliVersion": "0.1.151"
}
