{
  "projects": [
    {
      "projectId": "wP9heSzxawTbjKEhrsKJZp",
      "version": "latest",
      "dependencies": {},
      "lang": "js",
      "fileLocks": [
        {
          "type": "globalVariant",
          "assetId": "JEnwFp4Ol5L9",
          "checksum": "debb1e1396d5a3317cf3c1a4ed2145d4"
        },
        {
          "type": "renderModule",
          "assetId": "Wm2BnPF0AwwC",
          "checksum": "131124cf5fe378b3ec624e819e37e52f"
        },
        {
          "type": "cssRules",
          "assetId": "Wm2BnPF0AwwC",
          "checksum": "131124cf5fe378b3ec624e819e37e52f"
        },
        {
          "type": "renderModule",
          "assetId": "zkyzGMiVRz",
          "checksum": "c96e5426cd025f11f7d0e07f04555736"
        },
        {
          "type": "cssRules",
          "assetId": "zkyzGMiVRz",
          "checksum": "c96e5426cd025f11f7d0e07f04555736"
        },
        {
          "type": "renderModule",
          "assetId": "GPYSU_3Kf2",
          "checksum": "a4e6a71c1020a8b1ec3c180b530ce308"
        },
        {
          "type": "cssRules",
          "assetId": "GPYSU_3Kf2",
          "checksum": "a4e6a71c1020a8b1ec3c180b530ce308"
        },
        {
          "type": "image",
          "assetId": "VexqZ5nxYV",
          "checksum": "538c4b62f199bdf67a8e3b4c036641fb"
        },
        {
          "type": "renderModule",
          "assetId": "yamXspCqk3",
          "checksum": "e55bc00148747693b962199ffdd4fff6"
        },
        {
          "type": "cssRules",
          "assetId": "yamXspCqk3",
          "checksum": "e55bc00148747693b962199ffdd4fff6"
        },
        {
          "assetId": "wP9heSzxawTbjKEhrsKJZp",
          "type": "projectCss",
          "checksum": "fe6fd1c2b7f9cafa49725bd5d1ffdece"
        }
      ]
    }
  ],
  "cliVersion": "0.1.151"
}
